// !$*UTF8*$!
{
	archiveVersion = 1;
	classes = {
	};
	objectVersion = 50;
	objects = {

/* Begin PBXBuildFile section */
		11655593E3DD67FF0E1FBC22 /* Pods_MoneySmart.framework in Frameworks */ = {isa = PBXBuildFile; fileRef = 526E6FDB99EAC7A91FF37DE7 /* Pods_MoneySmart.framework */; };
		4001808925B7EB1500501B64 /* clothing.png in Resources */ = {isa = PBXBuildFile; fileRef = 4001808025B7EB1400501B64 /* clothing.png */; };
		4001808A25B7EB1500501B64 /* category.png in Resources */ = {isa = PBXBuildFile; fileRef = 4001808125B7EB1400501B64 /* category.png */; };
		4001808B25B7EB1500501B64 /* deadline.png in Resources */ = {isa = PBXBuildFile; fileRef = 4001808225B7EB1400501B64 /* deadline.png */; };
		4001808C25B7EB1500501B64 /* utilities.png in Resources */ = {isa = PBXBuildFile; fileRef = 4001808325B7EB1500501B64 /* utilities.png */; };
		4001808D25B7EB1500501B64 /* write.png in Resources */ = {isa = PBXBuildFile; fileRef = 4001808425B7EB1500501B64 /* write.png */; };
		4001808E25B7EB1500501B64 /* transport.png in Resources */ = {isa = PBXBuildFile; fileRef = 4001808525B7EB1500501B64 /* transport.png */; };
		4001808F25B7EB1500501B64 /* entertainment.png in Resources */ = {isa = PBXBuildFile; fileRef = 4001808625B7EB1500501B64 /* entertainment.png */; };
		4001809025B7EB1500501B64 /* uncategorized.png in Resources */ = {isa = PBXBuildFile; fileRef = 4001808725B7EB1500501B64 /* uncategorized.png */; };
		4001809125B7EB1500501B64 /* food.png in Resources */ = {isa = PBXBuildFile; fileRef = 4001808825B7EB1500501B64 /* food.png */; };
		4001809425B809E600501B64 /* close.png in Resources */ = {isa = PBXBuildFile; fileRef = 4001809325B809E600501B64 /* close.png */; };
		4001809725B80B7600501B64 /* check.png in Resources */ = {isa = PBXBuildFile; fileRef = 4001809625B80B7600501B64 /* check.png */; };
		4001809F25B81BBA00501B64 /* CategoryCollectionViewCell.swift in Sources */ = {isa = PBXBuildFile; fileRef = 4001809E25B81BBA00501B64 /* CategoryCollectionViewCell.swift */; };
		400180A425B85AC100501B64 /* OcrViewController.swift in Sources */ = {isa = PBXBuildFile; fileRef = 400180A325B85AC100501B64 /* OcrViewController.swift */; };
		400180B425B98C9000501B64 /* unsure_face.png in Resources */ = {isa = PBXBuildFile; fileRef = 400180B325B98C9000501B64 /* unsure_face.png */; };
		400180BB25B9942900501B64 /* HistoryTableViewController.swift in Sources */ = {isa = PBXBuildFile; fileRef = 400180BA25B9942900501B64 /* HistoryTableViewController.swift */; };
		400180C325B9A4CD00501B64 /* HomeTableViewCell.swift in Sources */ = {isa = PBXBuildFile; fileRef = 400180C125B9A4CD00501B64 /* HomeTableViewCell.swift */; };
		400180C425B9A4CD00501B64 /* HomeTableViewCell.xib in Resources */ = {isa = PBXBuildFile; fileRef = 400180C225B9A4CD00501B64 /* HomeTableViewCell.xib */; };
		400180C725B9AFD400501B64 /* TransactionDetailsViewController.swift in Sources */ = {isa = PBXBuildFile; fileRef = 400180C625B9AFD400501B64 /* TransactionDetailsViewController.swift */; };
		400180D525BD91F000501B64 /* EditTransactionViewController.swift in Sources */ = {isa = PBXBuildFile; fileRef = 400180D425BD91F000501B64 /* EditTransactionViewController.swift */; };
		402A662A25B7019900BAA486 /* LaunchScreen.storyboard in Resources */ = {isa = PBXBuildFile; fileRef = 402A662925B7019900BAA486 /* LaunchScreen.storyboard */; };
		402A663025B7029A00BAA486 /* moneysmartround.png in Resources */ = {isa = PBXBuildFile; fileRef = 402A662F25B7029A00BAA486 /* moneysmartround.png */; };
		402A663425B7060400BAA486 /* HomeViewController.swift in Sources */ = {isa = PBXBuildFile; fileRef = 402A663325B7060400BAA486 /* HomeViewController.swift */; };
		402A663725B7066400BAA486 /* AnalysisViewController.swift in Sources */ = {isa = PBXBuildFile; fileRef = 402A663625B7066400BAA486 /* AnalysisViewController.swift */; };
		402A663B25B706B700BAA486 /* GoalsViewController.swift in Sources */ = {isa = PBXBuildFile; fileRef = 402A663A25B706B700BAA486 /* GoalsViewController.swift */; };
		402A663E25B706D400BAA486 /* SettingViewController.swift in Sources */ = {isa = PBXBuildFile; fileRef = 402A663D25B706D400BAA486 /* SettingViewController.swift */; };
		402A664125B7073900BAA486 /* Transaction.swift in Sources */ = {isa = PBXBuildFile; fileRef = 402A664025B7073900BAA486 /* Transaction.swift */; };
		402A664B25B714F300BAA486 /* CustomTableViewCell.swift in Sources */ = {isa = PBXBuildFile; fileRef = 402A664A25B714F300BAA486 /* CustomTableViewCell.swift */; };
		4038EC6125B7C1C20039034C /* IncomeViewController.swift in Sources */ = {isa = PBXBuildFile; fileRef = 4038EC6025B7C1C20039034C /* IncomeViewController.swift */; };
		4038EC6425B7C70E0039034C /* ExpensesViewController.swift in Sources */ = {isa = PBXBuildFile; fileRef = 4038EC6325B7C70E0039034C /* ExpensesViewController.swift */; };
		4038EC6825B7D5F60039034C /* TransactionController.swift in Sources */ = {isa = PBXBuildFile; fileRef = 4038EC6725B7D5F60039034C /* TransactionController.swift */; };
		40BB5D5125B681F1008E1A0C /* AppDelegate.swift in Sources */ = {isa = PBXBuildFile; fileRef = 40BB5D5025B681F1008E1A0C /* AppDelegate.swift */; };
		40BB5D5325B681F1008E1A0C /* SceneDelegate.swift in Sources */ = {isa = PBXBuildFile; fileRef = 40BB5D5225B681F1008E1A0C /* SceneDelegate.swift */; };
		40BB5D5525B681F1008E1A0C /* ViewController.swift in Sources */ = {isa = PBXBuildFile; fileRef = 40BB5D5425B681F1008E1A0C /* ViewController.swift */; };
		40BB5D5825B681F1008E1A0C /* Main.storyboard in Resources */ = {isa = PBXBuildFile; fileRef = 40BB5D5625B681F1008E1A0C /* Main.storyboard */; };
		40BB5D5B25B681F1008E1A0C /* MoneySmart.xcdatamodeld in Sources */ = {isa = PBXBuildFile; fileRef = 40BB5D5925B681F1008E1A0C /* MoneySmart.xcdatamodeld */; };
		40BB5D5D25B681F2008E1A0C /* Assets.xcassets in Resources */ = {isa = PBXBuildFile; fileRef = 40BB5D5C25B681F2008E1A0C /* Assets.xcassets */; };
/* End PBXBuildFile section */

/* Begin PBXFileReference section */
		4001808025B7EB1400501B64 /* clothing.png */ = {isa = PBXFileReference; lastKnownFileType = image.png; path = clothing.png; sourceTree = "<group>"; };
		4001808125B7EB1400501B64 /* category.png */ = {isa = PBXFileReference; lastKnownFileType = image.png; path = category.png; sourceTree = "<group>"; };
		4001808225B7EB1400501B64 /* deadline.png */ = {isa = PBXFileReference; lastKnownFileType = image.png; path = deadline.png; sourceTree = "<group>"; };
		4001808325B7EB1500501B64 /* utilities.png */ = {isa = PBXFileReference; lastKnownFileType = image.png; path = utilities.png; sourceTree = "<group>"; };
		4001808425B7EB1500501B64 /* write.png */ = {isa = PBXFileReference; lastKnownFileType = image.png; path = write.png; sourceTree = "<group>"; };
		4001808525B7EB1500501B64 /* transport.png */ = {isa = PBXFileReference; lastKnownFileType = image.png; path = transport.png; sourceTree = "<group>"; };
		4001808625B7EB1500501B64 /* entertainment.png */ = {isa = PBXFileReference; lastKnownFileType = image.png; path = entertainment.png; sourceTree = "<group>"; };
		4001808725B7EB1500501B64 /* uncategorized.png */ = {isa = PBXFileReference; lastKnownFileType = image.png; path = uncategorized.png; sourceTree = "<group>"; };
		4001808825B7EB1500501B64 /* food.png */ = {isa = PBXFileReference; lastKnownFileType = image.png; path = food.png; sourceTree = "<group>"; };
		4001809325B809E600501B64 /* close.png */ = {isa = PBXFileReference; lastKnownFileType = image.png; path = close.png; sourceTree = "<group>"; };
		4001809625B80B7600501B64 /* check.png */ = {isa = PBXFileReference; lastKnownFileType = image.png; path = check.png; sourceTree = "<group>"; };
		4001809E25B81BBA00501B64 /* CategoryCollectionViewCell.swift */ = {isa = PBXFileReference; lastKnownFileType = sourcecode.swift; path = CategoryCollectionViewCell.swift; sourceTree = "<group>"; };
		400180A325B85AC100501B64 /* OcrViewController.swift */ = {isa = PBXFileReference; lastKnownFileType = sourcecode.swift; path = OcrViewController.swift; sourceTree = "<group>"; };
		400180B325B98C9000501B64 /* unsure_face.png */ = {isa = PBXFileReference; lastKnownFileType = image.png; path = unsure_face.png; sourceTree = "<group>"; };
		400180BA25B9942900501B64 /* HistoryTableViewController.swift */ = {isa = PBXFileReference; lastKnownFileType = sourcecode.swift; path = HistoryTableViewController.swift; sourceTree = "<group>"; };
		400180C125B9A4CD00501B64 /* HomeTableViewCell.swift */ = {isa = PBXFileReference; lastKnownFileType = sourcecode.swift; path = HomeTableViewCell.swift; sourceTree = "<group>"; };
		400180C225B9A4CD00501B64 /* HomeTableViewCell.xib */ = {isa = PBXFileReference; lastKnownFileType = file.xib; path = HomeTableViewCell.xib; sourceTree = "<group>"; };
		400180C625B9AFD400501B64 /* TransactionDetailsViewController.swift */ = {isa = PBXFileReference; lastKnownFileType = sourcecode.swift; path = TransactionDetailsViewController.swift; sourceTree = "<group>"; };
		400180D425BD91F000501B64 /* EditTransactionViewController.swift */ = {isa = PBXFileReference; lastKnownFileType = sourcecode.swift; path = EditTransactionViewController.swift; sourceTree = "<group>"; };
		402A662925B7019900BAA486 /* LaunchScreen.storyboard */ = {isa = PBXFileReference; lastKnownFileType = file.storyboard; path = LaunchScreen.storyboard; sourceTree = "<group>"; };
		402A662F25B7029A00BAA486 /* moneysmartround.png */ = {isa = PBXFileReference; lastKnownFileType = image.png; path = moneysmartround.png; sourceTree = "<group>"; };
		402A663325B7060400BAA486 /* HomeViewController.swift */ = {isa = PBXFileReference; lastKnownFileType = sourcecode.swift; path = HomeViewController.swift; sourceTree = "<group>"; };
		402A663625B7066400BAA486 /* AnalysisViewController.swift */ = {isa = PBXFileReference; lastKnownFileType = sourcecode.swift; path = AnalysisViewController.swift; sourceTree = "<group>"; };
		402A663A25B706B700BAA486 /* GoalsViewController.swift */ = {isa = PBXFileReference; lastKnownFileType = sourcecode.swift; path = GoalsViewController.swift; sourceTree = "<group>"; };
		402A663D25B706D400BAA486 /* SettingViewController.swift */ = {isa = PBXFileReference; lastKnownFileType = sourcecode.swift; path = SettingViewController.swift; sourceTree = "<group>"; };
		402A664025B7073900BAA486 /* Transaction.swift */ = {isa = PBXFileReference; lastKnownFileType = sourcecode.swift; path = Transaction.swift; sourceTree = "<group>"; };
		402A664A25B714F300BAA486 /* CustomTableViewCell.swift */ = {isa = PBXFileReference; lastKnownFileType = sourcecode.swift; path = CustomTableViewCell.swift; sourceTree = "<group>"; };
		4038EC6025B7C1C20039034C /* IncomeViewController.swift */ = {isa = PBXFileReference; lastKnownFileType = sourcecode.swift; path = IncomeViewController.swift; sourceTree = "<group>"; };
		4038EC6325B7C70E0039034C /* ExpensesViewController.swift */ = {isa = PBXFileReference; lastKnownFileType = sourcecode.swift; path = ExpensesViewController.swift; sourceTree = "<group>"; };
		4038EC6725B7D5F60039034C /* TransactionController.swift */ = {isa = PBXFileReference; lastKnownFileType = sourcecode.swift; path = TransactionController.swift; sourceTree = "<group>"; };
		40BB5D4D25B681F1008E1A0C /* MoneySmart.app */ = {isa = PBXFileReference; explicitFileType = wrapper.application; includeInIndex = 0; path = MoneySmart.app; sourceTree = BUILT_PRODUCTS_DIR; };
		40BB5D5025B681F1008E1A0C /* AppDelegate.swift */ = {isa = PBXFileReference; lastKnownFileType = sourcecode.swift; path = AppDelegate.swift; sourceTree = "<group>"; };
		40BB5D5225B681F1008E1A0C /* SceneDelegate.swift */ = {isa = PBXFileReference; lastKnownFileType = sourcecode.swift; path = SceneDelegate.swift; sourceTree = "<group>"; };
		40BB5D5425B681F1008E1A0C /* ViewController.swift */ = {isa = PBXFileReference; lastKnownFileType = sourcecode.swift; path = ViewController.swift; sourceTree = "<group>"; };
		40BB5D5725B681F1008E1A0C /* Base */ = {isa = PBXFileReference; lastKnownFileType = file.storyboard; name = Base; path = Base.lproj/Main.storyboard; sourceTree = "<group>"; };
		40BB5D5A25B681F1008E1A0C /* MoneySmart.xcdatamodel */ = {isa = PBXFileReference; lastKnownFileType = wrapper.xcdatamodel; path = MoneySmart.xcdatamodel; sourceTree = "<group>"; };
		40BB5D5C25B681F2008E1A0C /* Assets.xcassets */ = {isa = PBXFileReference; lastKnownFileType = folder.assetcatalog; path = Assets.xcassets; sourceTree = "<group>"; };
		40BB5D6125B681F2008E1A0C /* Info.plist */ = {isa = PBXFileReference; lastKnownFileType = text.plist.xml; path = Info.plist; sourceTree = "<group>"; };
		526E6FDB99EAC7A91FF37DE7 /* Pods_MoneySmart.framework */ = {isa = PBXFileReference; explicitFileType = wrapper.framework; includeInIndex = 0; path = Pods_MoneySmart.framework; sourceTree = BUILT_PRODUCTS_DIR; };
		6DD588507247327FC76F32C0 /* Pods-MoneySmart.debug.xcconfig */ = {isa = PBXFileReference; includeInIndex = 1; lastKnownFileType = text.xcconfig; name = "Pods-MoneySmart.debug.xcconfig"; path = "Target Support Files/Pods-MoneySmart/Pods-MoneySmart.debug.xcconfig"; sourceTree = "<group>"; };
		912A7C5C9FBEF1F70407535B /* Pods-MoneySmart.release.xcconfig */ = {isa = PBXFileReference; includeInIndex = 1; lastKnownFileType = text.xcconfig; name = "Pods-MoneySmart.release.xcconfig"; path = "Target Support Files/Pods-MoneySmart/Pods-MoneySmart.release.xcconfig"; sourceTree = "<group>"; };
/* End PBXFileReference section */

/* Begin PBXFrameworksBuildPhase section */
		40BB5D4A25B681F1008E1A0C /* Frameworks */ = {
			isa = PBXFrameworksBuildPhase;
			buildActionMask = 2147483647;
			files = (
				11655593E3DD67FF0E1FBC22 /* Pods_MoneySmart.framework in Frameworks */,
			);
			runOnlyForDeploymentPostprocessing = 0;
		};
/* End PBXFrameworksBuildPhase section */

/* Begin PBXGroup section */
		3F4621064041629FF1E0E849 /* Frameworks */ = {
			isa = PBXGroup;
			children = (
				526E6FDB99EAC7A91FF37DE7 /* Pods_MoneySmart.framework */,
			);
			name = Frameworks;
			sourceTree = "<group>";
		};
		4038EC6F25B7E5200039034C /* Images */ = {
			isa = PBXGroup;
			children = (
				400180B325B98C9000501B64 /* unsure_face.png */,
				4001809625B80B7600501B64 /* check.png */,
				4001809325B809E600501B64 /* close.png */,
				4001808125B7EB1400501B64 /* category.png */,
				4001808025B7EB1400501B64 /* clothing.png */,
				4001808225B7EB1400501B64 /* deadline.png */,
				4001808625B7EB1500501B64 /* entertainment.png */,
				4001808825B7EB1500501B64 /* food.png */,
				4001808525B7EB1500501B64 /* transport.png */,
				4001808725B7EB1500501B64 /* uncategorized.png */,
				4001808325B7EB1500501B64 /* utilities.png */,
				4001808425B7EB1500501B64 /* write.png */,
				402A662F25B7029A00BAA486 /* moneysmartround.png */,
			);
			path = Images;
			sourceTree = "<group>";
		};
		40BB5D4425B681F1008E1A0C = {
			isa = PBXGroup;
			children = (
				4038EC6F25B7E5200039034C /* Images */,
				40BB5D4F25B681F1008E1A0C /* MoneySmart */,
				40BB5D4E25B681F1008E1A0C /* Products */,
				812B2307AD0CCEC4184A1263 /* Pods */,
				3F4621064041629FF1E0E849 /* Frameworks */,
			);
			sourceTree = "<group>";
		};
		40BB5D4E25B681F1008E1A0C /* Products */ = {
			isa = PBXGroup;
			children = (
				40BB5D4D25B681F1008E1A0C /* MoneySmart.app */,
			);
			name = Products;
			sourceTree = "<group>";
		};
		40BB5D4F25B681F1008E1A0C /* MoneySmart */ = {
			isa = PBXGroup;
			children = (
				40BB5D5025B681F1008E1A0C /* AppDelegate.swift */,
				40BB5D5225B681F1008E1A0C /* SceneDelegate.swift */,
				40BB5D5425B681F1008E1A0C /* ViewController.swift */,
				40BB5D5625B681F1008E1A0C /* Main.storyboard */,
				400180D425BD91F000501B64 /* EditTransactionViewController.swift */,
				400180C625B9AFD400501B64 /* TransactionDetailsViewController.swift */,
				400180C125B9A4CD00501B64 /* HomeTableViewCell.swift */,
				400180C225B9A4CD00501B64 /* HomeTableViewCell.xib */,
				400180A325B85AC100501B64 /* OcrViewController.swift */,
				4001809E25B81BBA00501B64 /* CategoryCollectionViewCell.swift */,
				4038EC6325B7C70E0039034C /* ExpensesViewController.swift */,
				4038EC6025B7C1C20039034C /* IncomeViewController.swift */,
				402A664025B7073900BAA486 /* Transaction.swift */,
				402A663D25B706D400BAA486 /* SettingViewController.swift */,
				402A663A25B706B700BAA486 /* GoalsViewController.swift */,
				402A663625B7066400BAA486 /* AnalysisViewController.swift */,
				402A663325B7060400BAA486 /* HomeViewController.swift */,
				402A664A25B714F300BAA486 /* CustomTableViewCell.swift */,
				402A662925B7019900BAA486 /* LaunchScreen.storyboard */,
				40BB5D5C25B681F2008E1A0C /* Assets.xcassets */,
				40BB5D6125B681F2008E1A0C /* Info.plist */,
				40BB5D5925B681F1008E1A0C /* MoneySmart.xcdatamodeld */,
				4038EC6725B7D5F60039034C /* TransactionController.swift */,
				400180BA25B9942900501B64 /* HistoryTableViewController.swift */,
			);
			path = MoneySmart;
			sourceTree = "<group>";
		};
		812B2307AD0CCEC4184A1263 /* Pods */ = {
			isa = PBXGroup;
			children = (
				6DD588507247327FC76F32C0 /* Pods-MoneySmart.debug.xcconfig */,
				912A7C5C9FBEF1F70407535B /* Pods-MoneySmart.release.xcconfig */,
			);
			name = Pods;
			path = Pods;
			sourceTree = "<group>";
		};
/* End PBXGroup section */

/* Begin PBXNativeTarget section */
		40BB5D4C25B681F1008E1A0C /* MoneySmart */ = {
			isa = PBXNativeTarget;
			buildConfigurationList = 40BB5D6425B681F2008E1A0C /* Build configuration list for PBXNativeTarget "MoneySmart" */;
			buildPhases = (
				FBAC22F34F58C0D9F4892941 /* [CP] Check Pods Manifest.lock */,
				40BB5D4925B681F1008E1A0C /* Sources */,
				40BB5D4A25B681F1008E1A0C /* Frameworks */,
				40BB5D4B25B681F1008E1A0C /* Resources */,
				F007A9D7AEE69DB9A2FDD8DF /* [CP] Embed Pods Frameworks */,
			);
			buildRules = (
			);
			dependencies = (
			);
			name = MoneySmart;
			productName = MoneySmart;
			productReference = 40BB5D4D25B681F1008E1A0C /* MoneySmart.app */;
			productType = "com.apple.product-type.application";
		};
/* End PBXNativeTarget section */

/* Begin PBXProject section */
		40BB5D4525B681F1008E1A0C /* Project object */ = {
			isa = PBXProject;
			attributes = {
				LastSwiftUpdateCheck = 1220;
				LastUpgradeCheck = 1220;
				TargetAttributes = {
					40BB5D4C25B681F1008E1A0C = {
						CreatedOnToolsVersion = 12.2;
					};
				};
			};
			buildConfigurationList = 40BB5D4825B681F1008E1A0C /* Build configuration list for PBXProject "MoneySmart" */;
			compatibilityVersion = "Xcode 9.3";
			developmentRegion = en;
			hasScannedForEncodings = 0;
			knownRegions = (
				en,
				Base,
			);
			mainGroup = 40BB5D4425B681F1008E1A0C;
			productRefGroup = 40BB5D4E25B681F1008E1A0C /* Products */;
			projectDirPath = "";
			projectRoot = "";
			targets = (
				40BB5D4C25B681F1008E1A0C /* MoneySmart */,
			);
		};
/* End PBXProject section */

/* Begin PBXResourcesBuildPhase section */
		40BB5D4B25B681F1008E1A0C /* Resources */ = {
			isa = PBXResourcesBuildPhase;
			buildActionMask = 2147483647;
			files = (
				4001809025B7EB1500501B64 /* uncategorized.png in Resources */,
				402A663025B7029A00BAA486 /* moneysmartround.png in Resources */,
				400180B425B98C9000501B64 /* unsure_face.png in Resources */,
				4001808A25B7EB1500501B64 /* category.png in Resources */,
				4001808B25B7EB1500501B64 /* deadline.png in Resources */,
				4001809425B809E600501B64 /* close.png in Resources */,
				402A662A25B7019900BAA486 /* LaunchScreen.storyboard in Resources */,
				4001809725B80B7600501B64 /* check.png in Resources */,
				4001808D25B7EB1500501B64 /* write.png in Resources */,
				4001808E25B7EB1500501B64 /* transport.png in Resources */,
				4001808C25B7EB1500501B64 /* utilities.png in Resources */,
				400180C425B9A4CD00501B64 /* HomeTableViewCell.xib in Resources */,
				40BB5D5D25B681F2008E1A0C /* Assets.xcassets in Resources */,
				4001808925B7EB1500501B64 /* clothing.png in Resources */,
				4001808F25B7EB1500501B64 /* entertainment.png in Resources */,
				4001809125B7EB1500501B64 /* food.png in Resources */,
				40BB5D5825B681F1008E1A0C /* Main.storyboard in Resources */,
			);
			runOnlyForDeploymentPostprocessing = 0;
		};
/* End PBXResourcesBuildPhase section */

/* Begin PBXShellScriptBuildPhase section */
		F007A9D7AEE69DB9A2FDD8DF /* [CP] Embed Pods Frameworks */ = {
			isa = PBXShellScriptBuildPhase;
			buildActionMask = 2147483647;
			files = (
			);
			inputFileListPaths = (
				"${PODS_ROOT}/Target Support Files/Pods-MoneySmart/Pods-MoneySmart-frameworks-${CONFIGURATION}-input-files.xcfilelist",
			);
			name = "[CP] Embed Pods Frameworks";
			outputFileListPaths = (
				"${PODS_ROOT}/Target Support Files/Pods-MoneySmart/Pods-MoneySmart-frameworks-${CONFIGURATION}-output-files.xcfilelist",
			);
			runOnlyForDeploymentPostprocessing = 0;
			shellPath = /bin/sh;
			shellScript = "\"${PODS_ROOT}/Target Support Files/Pods-MoneySmart/Pods-MoneySmart-frameworks.sh\"\n";
			showEnvVarsInLog = 0;
		};
		FBAC22F34F58C0D9F4892941 /* [CP] Check Pods Manifest.lock */ = {
			isa = PBXShellScriptBuildPhase;
			buildActionMask = 2147483647;
			files = (
			);
			inputFileListPaths = (
			);
			inputPaths = (
				"${PODS_PODFILE_DIR_PATH}/Podfile.lock",
				"${PODS_ROOT}/Manifest.lock",
			);
			name = "[CP] Check Pods Manifest.lock";
			outputFileListPaths = (
			);
			outputPaths = (
				"$(DERIVED_FILE_DIR)/Pods-MoneySmart-checkManifestLockResult.txt",
			);
			runOnlyForDeploymentPostprocessing = 0;
			shellPath = /bin/sh;
			shellScript = "diff \"${PODS_PODFILE_DIR_PATH}/Podfile.lock\" \"${PODS_ROOT}/Manifest.lock\" > /dev/null\nif [ $? != 0 ] ; then\n    # print error to STDERR\n    echo \"error: The sandbox is not in sync with the Podfile.lock. Run 'pod install' or update your CocoaPods installation.\" >&2\n    exit 1\nfi\n# This output is used by Xcode 'outputs' to avoid re-running this script phase.\necho \"SUCCESS\" > \"${SCRIPT_OUTPUT_FILE_0}\"\n";
			showEnvVarsInLog = 0;
		};
/* End PBXShellScriptBuildPhase section */

/* Begin PBXSourcesBuildPhase section */
		40BB5D4925B681F1008E1A0C /* Sources */ = {
			isa = PBXSourcesBuildPhase;
			buildActionMask = 2147483647;
			files = (
				402A663B25B706B700BAA486 /* GoalsViewController.swift in Sources */,
				4001809F25B81BBA00501B64 /* CategoryCollectionViewCell.swift in Sources */,
				402A663425B7060400BAA486 /* HomeViewController.swift in Sources */,
				4038EC6425B7C70E0039034C /* ExpensesViewController.swift in Sources */,
				402A664B25B714F300BAA486 /* CustomTableViewCell.swift in Sources */,
				400180A425B85AC100501B64 /* OcrViewController.swift in Sources */,
				4038EC6125B7C1C20039034C /* IncomeViewController.swift in Sources */,
				40BB5D5525B681F1008E1A0C /* ViewController.swift in Sources */,
				400180BB25B9942900501B64 /* HistoryTableViewController.swift in Sources */,
				4038EC6825B7D5F60039034C /* TransactionController.swift in Sources */,
				400180C725B9AFD400501B64 /* TransactionDetailsViewController.swift in Sources */,
				402A663E25B706D400BAA486 /* SettingViewController.swift in Sources */,
				40BB5D5125B681F1008E1A0C /* AppDelegate.swift in Sources */,
				402A663725B7066400BAA486 /* AnalysisViewController.swift in Sources */,
				40BB5D5B25B681F1008E1A0C /* MoneySmart.xcdatamodeld in Sources */,
				400180D525BD91F000501B64 /* EditTransactionViewController.swift in Sources */,
				40BB5D5325B681F1008E1A0C /* SceneDelegate.swift in Sources */,
				400180C325B9A4CD00501B64 /* HomeTableViewCell.swift in Sources */,
				402A664125B7073900BAA486 /* Transaction.swift in Sources */,
			);
			runOnlyForDeploymentPostprocessing = 0;
		};
/* End PBXSourcesBuildPhase section */

/* Begin PBXVariantGroup section */
		40BB5D5625B681F1008E1A0C /* Main.storyboard */ = {
			isa = PBXVariantGroup;
			children = (
				40BB5D5725B681F1008E1A0C /* Base */,
			);
			name = Main.storyboard;
			sourceTree = "<group>";
		};
/* End PBXVariantGroup section */

/* Begin XCBuildConfiguration section */
		40BB5D6225B681F2008E1A0C /* Debug */ = {
			isa = XCBuildConfiguration;
			buildSettings = {
				ALWAYS_SEARCH_USER_PATHS = NO;
				CLANG_ANALYZER_NONNULL = YES;
				CLANG_ANALYZER_NUMBER_OBJECT_CONVERSION = YES_AGGRESSIVE;
				CLANG_CXX_LANGUAGE_STANDARD = "gnu++14";
				CLANG_CXX_LIBRARY = "libc++";
				CLANG_ENABLE_MODULES = YES;
				CLANG_ENABLE_OBJC_ARC = YES;
				CLANG_ENABLE_OBJC_WEAK = YES;
				CLANG_WARN_BLOCK_CAPTURE_AUTORELEASING = YES;
				CLANG_WARN_BOOL_CONVERSION = YES;
				CLANG_WARN_COMMA = YES;
				CLANG_WARN_CONSTANT_CONVERSION = YES;
				CLANG_WARN_DEPRECATED_OBJC_IMPLEMENTATIONS = YES;
				CLANG_WARN_DIRECT_OBJC_ISA_USAGE = YES_ERROR;
				CLANG_WARN_DOCUMENTATION_COMMENTS = YES;
				CLANG_WARN_EMPTY_BODY = YES;
				CLANG_WARN_ENUM_CONVERSION = YES;
				CLANG_WARN_INFINITE_RECURSION = YES;
				CLANG_WARN_INT_CONVERSION = YES;
				CLANG_WARN_NON_LITERAL_NULL_CONVERSION = YES;
				CLANG_WARN_OBJC_IMPLICIT_RETAIN_SELF = YES;
				CLANG_WARN_OBJC_LITERAL_CONVERSION = YES;
				CLANG_WARN_OBJC_ROOT_CLASS = YES_ERROR;
				CLANG_WARN_QUOTED_INCLUDE_IN_FRAMEWORK_HEADER = YES;
				CLANG_WARN_RANGE_LOOP_ANALYSIS = YES;
				CLANG_WARN_STRICT_PROTOTYPES = YES;
				CLANG_WARN_SUSPICIOUS_MOVE = YES;
				CLANG_WARN_UNGUARDED_AVAILABILITY = YES_AGGRESSIVE;
				CLANG_WARN_UNREACHABLE_CODE = YES;
				CLANG_WARN__DUPLICATE_METHOD_MATCH = YES;
				COPY_PHASE_STRIP = NO;
				DEBUG_INFORMATION_FORMAT = dwarf;
				ENABLE_STRICT_OBJC_MSGSEND = YES;
				ENABLE_TESTABILITY = YES;
				GCC_C_LANGUAGE_STANDARD = gnu11;
				GCC_DYNAMIC_NO_PIC = NO;
				GCC_NO_COMMON_BLOCKS = YES;
				GCC_OPTIMIZATION_LEVEL = 0;
				GCC_PREPROCESSOR_DEFINITIONS = (
					"DEBUG=1",
					"$(inherited)",
				);
				GCC_WARN_64_TO_32_BIT_CONVERSION = YES;
				GCC_WARN_ABOUT_RETURN_TYPE = YES_ERROR;
				GCC_WARN_UNDECLARED_SELECTOR = YES;
				GCC_WARN_UNINITIALIZED_AUTOS = YES_AGGRESSIVE;
				GCC_WARN_UNUSED_FUNCTION = YES;
				GCC_WARN_UNUSED_VARIABLE = YES;
				IPHONEOS_DEPLOYMENT_TARGET = 14.2;
				MTL_ENABLE_DEBUG_INFO = INCLUDE_SOURCE;
				MTL_FAST_MATH = YES;
				ONLY_ACTIVE_ARCH = YES;
				SDKROOT = iphoneos;
				SWIFT_ACTIVE_COMPILATION_CONDITIONS = DEBUG;
				SWIFT_OPTIMIZATION_LEVEL = "-Onone";
			};
			name = Debug;
		};
		40BB5D6325B681F2008E1A0C /* Release */ = {
			isa = XCBuildConfiguration;
			buildSettings = {
				ALWAYS_SEARCH_USER_PATHS = NO;
				CLANG_ANALYZER_NONNULL = YES;
				CLANG_ANALYZER_NUMBER_OBJECT_CONVERSION = YES_AGGRESSIVE;
				CLANG_CXX_LANGUAGE_STANDARD = "gnu++14";
				CLANG_CXX_LIBRARY = "libc++";
				CLANG_ENABLE_MODULES = YES;
				CLANG_ENABLE_OBJC_ARC = YES;
				CLANG_ENABLE_OBJC_WEAK = YES;
				CLANG_WARN_BLOCK_CAPTURE_AUTORELEASING = YES;
				CLANG_WARN_BOOL_CONVERSION = YES;
				CLANG_WARN_COMMA = YES;
				CLANG_WARN_CONSTANT_CONVERSION = YES;
				CLANG_WARN_DEPRECATED_OBJC_IMPLEMENTATIONS = YES;
				CLANG_WARN_DIRECT_OBJC_ISA_USAGE = YES_ERROR;
				CLANG_WARN_DOCUMENTATION_COMMENTS = YES;
				CLANG_WARN_EMPTY_BODY = YES;
				CLANG_WARN_ENUM_CONVERSION = YES;
				CLANG_WARN_INFINITE_RECURSION = YES;
				CLANG_WARN_INT_CONVERSION = YES;
				CLANG_WARN_NON_LITERAL_NULL_CONVERSION = YES;
				CLANG_WARN_OBJC_IMPLICIT_RETAIN_SELF = YES;
				CLANG_WARN_OBJC_LITERAL_CONVERSION = YES;
				CLANG_WARN_OBJC_ROOT_CLASS = YES_ERROR;
				CLANG_WARN_QUOTED_INCLUDE_IN_FRAMEWORK_HEADER = YES;
				CLANG_WARN_RANGE_LOOP_ANALYSIS = YES;
				CLANG_WARN_STRICT_PROTOTYPES = YES;
				CLANG_WARN_SUSPICIOUS_MOVE = YES;
				CLANG_WARN_UNGUARDED_AVAILABILITY = YES_AGGRESSIVE;
				CLANG_WARN_UNREACHABLE_CODE = YES;
				CLANG_WARN__DUPLICATE_METHOD_MATCH = YES;
				COPY_PHASE_STRIP = NO;
				DEBUG_INFORMATION_FORMAT = "dwarf-with-dsym";
				ENABLE_NS_ASSERTIONS = NO;
				ENABLE_STRICT_OBJC_MSGSEND = YES;
				GCC_C_LANGUAGE_STANDARD = gnu11;
				GCC_NO_COMMON_BLOCKS = YES;
				GCC_WARN_64_TO_32_BIT_CONVERSION = YES;
				GCC_WARN_ABOUT_RETURN_TYPE = YES_ERROR;
				GCC_WARN_UNDECLARED_SELECTOR = YES;
				GCC_WARN_UNINITIALIZED_AUTOS = YES_AGGRESSIVE;
				GCC_WARN_UNUSED_FUNCTION = YES;
				GCC_WARN_UNUSED_VARIABLE = YES;
				IPHONEOS_DEPLOYMENT_TARGET = 14.2;
				MTL_ENABLE_DEBUG_INFO = NO;
				MTL_FAST_MATH = YES;
				SDKROOT = iphoneos;
				SWIFT_COMPILATION_MODE = wholemodule;
				SWIFT_OPTIMIZATION_LEVEL = "-O";
				VALIDATE_PRODUCT = YES;
			};
			name = Release;
		};
		40BB5D6525B681F2008E1A0C /* Debug */ = {
			isa = XCBuildConfiguration;
			baseConfigurationReference = 6DD588507247327FC76F32C0 /* Pods-MoneySmart.debug.xcconfig */;
			buildSettings = {
				ASSETCATALOG_COMPILER_APPICON_NAME = AppIcon;
				ASSETCATALOG_COMPILER_GLOBAL_ACCENT_COLOR_NAME = AccentColor;
				CODE_SIGN_STYLE = Automatic;
				DEVELOPMENT_TEAM = P35KCUPS75;
				INFOPLIST_FILE = MoneySmart/Info.plist;
				LD_RUNPATH_SEARCH_PATHS = (
					"$(inherited)",
					"@executable_path/Frameworks",
				);
				PRODUCT_BUNDLE_IDENTIFIER = sg.mad2.MoneySmart;
				PRODUCT_NAME = "$(TARGET_NAME)";
				SWIFT_VERSION = 5.0;
				TARGETED_DEVICE_FAMILY = "1,2";
			};
			name = Debug;
		};
		40BB5D6625B681F2008E1A0C /* Release */ = {
			isa = XCBuildConfiguration;
			baseConfigurationReference = 912A7C5C9FBEF1F70407535B /* Pods-MoneySmart.release.xcconfig */;
			buildSettings = {
				ASSETCATALOG_COMPILER_APPICON_NAME = AppIcon;
				ASSETCATALOG_COMPILER_GLOBAL_ACCENT_COLOR_NAME = AccentColor;
				CODE_SIGN_STYLE = Automatic;
				DEVELOPMENT_TEAM = P35KCUPS75;
				INFOPLIST_FILE = MoneySmart/Info.plist;
				LD_RUNPATH_SEARCH_PATHS = (
					"$(inherited)",
					"@executable_path/Frameworks",
				);
				PRODUCT_BUNDLE_IDENTIFIER = sg.mad2.MoneySmart;
				PRODUCT_NAME = "$(TARGET_NAME)";
				SWIFT_VERSION = 5.0;
				TARGETED_DEVICE_FAMILY = "1,2";
			};
			name = Release;
		};
/* End XCBuildConfiguration section */

/* Begin XCConfigurationList section */
		40BB5D4825B681F1008E1A0C /* Build configuration list for PBXProject "MoneySmart" */ = {
			isa = XCConfigurationList;
			buildConfigurations = (
				40BB5D6225B681F2008E1A0C /* Debug */,
				40BB5D6325B681F2008E1A0C /* Release */,
			);
			defaultConfigurationIsVisible = 0;
			defaultConfigurationName = Release;
		};
		40BB5D6425B681F2008E1A0C /* Build configuration list for PBXNativeTarget "MoneySmart" */ = {
			isa = XCConfigurationList;
			buildConfigurations = (
				40BB5D6525B681F2008E1A0C /* Debug */,
				40BB5D6625B681F2008E1A0C /* Release */,
			);
			defaultConfigurationIsVisible = 0;
			defaultConfigurationName = Release;
		};
/* End XCConfigurationList section */

/* Begin XCVersionGroup section */
		40BB5D5925B681F1008E1A0C /* MoneySmart.xcdatamodeld */ = {
			isa = XCVersionGroup;
			children = (
				40BB5D5A25B681F1008E1A0C /* MoneySmart.xcdatamodel */,
			);
			currentVersion = 40BB5D5A25B681F1008E1A0C /* MoneySmart.xcdatamodel */;
			path = MoneySmart.xcdatamodeld;
			sourceTree = "<group>";
			versionGroupType = wrapper.xcdatamodel;
		};
/* End XCVersionGroup section */
	};
	rootObject = 40BB5D4525B681F1008E1A0C /* Project object */;
}
